
Microsoft Visual Studio Solution File, Format Version 12.00
# Visual Studio 15
VisualStudioVersion = 15.0.28307.168
MinimumVisualStudioVersion = 10.0.40219.1
Project("{FAE04EC0-301F-11D3-BF4B-00C04F79EFBC}") = "Assignment_2_DB", "Assignment_2_DB\Assignment_2_DB.csproj", "{DB11E32C-710C-4D44-BF50-CE8E16E184F7}"
EndProject
Global
	GlobalSection(SolutionConfigurationPlatforms) = preSolution
		Debug|Any CPU = Debug|Any CPU
		Release|Any CPU = Release|Any CPU
	EndGlobalSection
	GlobalSection(ProjectConfigurationPlatforms) = postSolution
		{DB11E32C-710C-4D44-BF50-CE8E16E184F7}.Debug|Any CPU.ActiveCfg = Debug|Any CPU
		{DB11E32C-710C-4D44-BF50-CE8E16E184F7}.Debug|Any CPU.Build.0 = Debug|Any CPU
		{DB11E32C-710C-4D44-BF50-CE8E16E184F7}.Release|Any CPU.ActiveCfg = Release|Any CPU
		{DB11E32C-710C-4D44-BF50-CE8E16E184F7}.Release|Any CPU.Build.0 = Release|Any CPU
	EndGlobalSection
	GlobalSection(SolutionProperties) = preSolution
		HideSolutionNode = FALSE
	EndGlobalSection
	GlobalSection(ExtensibilityGlobals) = postSolution
		SolutionGuid = {3BBF51BC-47F4-45FC-89C5-5C4FA2E8765B}
	EndGlobalSection
EndGlobal
